
Microsoft Visual Studio Solution File, Format Version 12.00
# Visual Studio Version 16
VisualStudioVersion = 16.0.30320.27
MinimumVisualStudioVersion = 10.0.40219.1
Project("{FAE04EC0-301F-11D3-BF4B-00C04F79EFBC}") = "Facility", "Test\Facility.csproj", "{70EE2CEF-A991-4AFD-B2BE-9D276A6E9BAB}"
EndProject
Global
	GlobalSection(SolutionConfigurationPlatforms) = preSolution
		Debug|Any CPU = Debug|Any CPU
		Release|Any CPU = Release|Any CPU
	EndGlobalSection
	GlobalSection(ProjectConfigurationPlatforms) = postSolution
		{70EE2CEF-A991-4AFD-B2BE-9D276A6E9BAB}.Debug|Any CPU.ActiveCfg = Debug|Any CPU
		{70EE2CEF-A991-4AFD-B2BE-9D276A6E9BAB}.Debug|Any CPU.Build.0 = Debug|Any CPU
		{70EE2CEF-A991-4AFD-B2BE-9D276A6E9BAB}.Release|Any CPU.ActiveCfg = Release|Any CPU
		{70EE2CEF-A991-4AFD-B2BE-9D276A6E9BAB}.Release|Any CPU.Build.0 = Release|Any CPU
	EndGlobalSection
	GlobalSection(SolutionProperties) = preSolution
		HideSolutionNode = FALSE
	EndGlobalSection
	GlobalSection(ExtensibilityGlobals) = postSolution
		SolutionGuid = {BEFE8572-0047-41D2-AC21-31B323E52E6F}
	EndGlobalSection
EndGlobal
